{
  "name": "opencode-lin",
  "version": "0.1.0",
  "lockfileVersion": 3,
  "requires": true,
  "packages": {
    "": {
      "name": "opencode-lin",
      "version": "0.1.0",
      "license": "MIT",
      "dependencies": {
        "lin-lang": "file:../Downloads/lin-master"
      }
    },
    "../Downloads/lin-master": {},
    "node_modules/lin-lang": {
      "resolved": "../Downloads/lin-master",
      "link": true
    }
  }
}
